
Microsoft Visual Studio Solution File, Format Version 12.00
# Visual Studio 14
VisualStudioVersion = 14.0.25420.1
MinimumVisualStudioVersion = 10.0.40219.1
Project("{FAE04EC0-301F-11D3-BF4B-00C04F79EFBC}") = "AtsWmsS1MasterGiveMissionService", "AtsWmsS1MasterGiveMissionService\AtsWmsS1MasterGiveMissionService.csproj", "{314596AE-AA6C-43FB-A03D-8B572748078F}"
EndProject
Project("{6141683F-8A12-4E36-9623-2EB02B2C2303}") = "AtsWmsS1MasterGiveMissionServiSetupTM", "AtsWmsS1MasterGiveMissionServiSetupTM\AtsWmsS1MasterGiveMissionServiSetupTM.isproj", "{E97909B3-1269-43A1-8A6E-6608B11AC1DB}"
	ProjectSection(ProjectDependencies) = postProject
		{314596AE-AA6C-43FB-A03D-8B572748078F} = {314596AE-AA6C-43FB-A03D-8B572748078F}
	EndProjectSection
EndProject
Project("{6141683F-8A12-4E36-9623-2EB02B2C2303}") = "AtsWmsS1MasterGiveMissionServiSetupV1", "AtsWmsS1MasterGiveMissionServiSetupV1\AtsWmsS1MasterGiveMissionServiSetupV1.isproj", "{A1527C78-02A5-4EF5-AC7B-68766092E96F}"
	ProjectSection(ProjectDependencies) = postProject
		{314596AE-AA6C-43FB-A03D-8B572748078F} = {314596AE-AA6C-43FB-A03D-8B572748078F}
	EndProjectSection
EndProject
Project("{6141683F-8A12-4E36-9623-2EB02B2C2303}") = "AtsWmsS1MasterGiveMissionServiSetupV2", "AtsWmsS1MasterGiveMissionServiSetupV2\AtsWmsS1MasterGiveMissionServiSetupV2.isproj", "{A28D0282-3A1B-43CE-A1BF-ECCFEE8A3831}"
	ProjectSection(ProjectDependencies) = postProject
		{314596AE-AA6C-43FB-A03D-8B572748078F} = {314596AE-AA6C-43FB-A03D-8B572748078F}
	EndProjectSection
EndProject
Project("{6141683F-8A12-4E36-9623-2EB02B2C2303}") = "AtsWmsS1MasterGiveMissServSetupV3", "AtsWmsS1MasterGiveMissServSetupV3\AtsWmsS1MasterGiveMissServSetupV3.isproj", "{B8260664-FCC9-4CB2-BCA0-3F718668614A}"
	ProjectSection(ProjectDependencies) = postProject
		{314596AE-AA6C-43FB-A03D-8B572748078F} = {314596AE-AA6C-43FB-A03D-8B572748078F}
	EndProjectSection
EndProject
Project("{6141683F-8A12-4E36-9623-2EB02B2C2303}") = "AtsWmsS1MasterGiveMissServSetupV4", "AtsWmsS1MasterGiveMissServSetupV4\AtsWmsS1MasterGiveMissServSetupV4.isproj", "{064B0CD9-827E-4D4D-9739-6EFCA989468A}"
	ProjectSection(ProjectDependencies) = postProject
		{314596AE-AA6C-43FB-A03D-8B572748078F} = {314596AE-AA6C-43FB-A03D-8B572748078F}
	EndProjectSection
EndProject
Project("{6141683F-8A12-4E36-9623-2EB02B2C2303}") = "AtsWmsS1MasterGiveMissServSetupV5", "AtsWmsS1MasterGiveMissServSetupV5\AtsWmsS1MasterGiveMissServSetupV5.isproj", "{D02F87FA-DD99-4562-A25A-759CA4CCA5FB}"
	ProjectSection(ProjectDependencies) = postProject
		{314596AE-AA6C-43FB-A03D-8B572748078F} = {314596AE-AA6C-43FB-A03D-8B572748078F}
	EndProjectSection
EndProject
Project("{6141683F-8A12-4E36-9623-2EB02B2C2303}") = "AtsWmsS1MasterGiveMissionServiceSetupV6", "AtsWmsS1MasterGiveMissionServiceSetupV6\AtsWmsS1MasterGiveMissionServiceSetupV6.isproj", "{90D7841C-FEA0-4DFD-AB3B-31C492656321}"
	ProjectSection(ProjectDependencies) = postProject
		{314596AE-AA6C-43FB-A03D-8B572748078F} = {314596AE-AA6C-43FB-A03D-8B572748078F}
	EndProjectSection
EndProject
Project("{6141683F-8A12-4E36-9623-2EB02B2C2303}") = "AtsWmsS1MasterGiveMissionServiSetSR", "AtsWmsS1MasterGiveMissionServiSetSR\AtsWmsS1MasterGiveMissionServiSetSR.isproj", "{3570C3E1-59E1-4DC5-BE8C-040BE42AD1A2}"
	ProjectSection(ProjectDependencies) = postProject
		{314596AE-AA6C-43FB-A03D-8B572748078F} = {314596AE-AA6C-43FB-A03D-8B572748078F}
	EndProjectSection
EndProject
Project("{6141683F-8A12-4E36-9623-2EB02B2C2303}") = "AtsWmsS1MasterGiveMissServiSetV7", "AtsWmsS1MasterGiveMissServiSetV7\AtsWmsS1MasterGiveMissServiSetV7.isproj", "{EE7556B5-DEC0-492B-BD2E-0243D367057A}"
	ProjectSection(ProjectDependencies) = postProject
		{314596AE-AA6C-43FB-A03D-8B572748078F} = {314596AE-AA6C-43FB-A03D-8B572748078F}
	EndProjectSection
EndProject
Project("{6141683F-8A12-4E36-9623-2EB02B2C2303}") = "AtsWmsS1MasterGiveMisServSetV8", "AtsWmsS1MasterGiveMisServSetV8\AtsWmsS1MasterGiveMisServSetV8.isproj", "{B28E2582-E1BC-4044-93B9-C4FE039A512C}"
	ProjectSection(ProjectDependencies) = postProject
		{314596AE-AA6C-43FB-A03D-8B572748078F} = {314596AE-AA6C-43FB-A03D-8B572748078F}
	EndProjectSection
EndProject
Project("{6141683F-8A12-4E36-9623-2EB02B2C2303}") = "AtsWmsS1MasterGiveMissServSetV9", "AtsWmsS1MasterGiveMissServSetV9\AtsWmsS1MasterGiveMissServSetV9.isproj", "{3C620B7F-C1A1-4274-9345-CB1F3F22F27A}"
	ProjectSection(ProjectDependencies) = postProject
		{314596AE-AA6C-43FB-A03D-8B572748078F} = {314596AE-AA6C-43FB-A03D-8B572748078F}
	EndProjectSection
EndProject
Project("{6141683F-8A12-4E36-9623-2EB02B2C2303}") = "AtsWmsS1MasterGiveMissServSetV10", "AtsWmsS1MasterGiveMissServSetV10\AtsWmsS1MasterGiveMissServSetV10.isproj", "{545EE883-D88F-466F-AF4F-2176360ACE04}"
	ProjectSection(ProjectDependencies) = postProject
		{314596AE-AA6C-43FB-A03D-8B572748078F} = {314596AE-AA6C-43FB-A03D-8B572748078F}
	EndProjectSection
EndProject
Project("{6141683F-8A12-4E36-9623-2EB02B2C2303}") = "AtsWmsS1MasterGiveMissServSetV11", "AtsWmsS1MasterGiveMissServSetV11\AtsWmsS1MasterGiveMissServSetV11.isproj", "{E03D8F28-B137-4721-A731-1D9992964F11}"
	ProjectSection(ProjectDependencies) = postProject
		{314596AE-AA6C-43FB-A03D-8B572748078F} = {314596AE-AA6C-43FB-A03D-8B572748078F}
	EndProjectSection
EndProject
Project("{6141683F-8A12-4E36-9623-2EB02B2C2303}") = "AtsWmsS1MasterGiveMissServSetV12", "AtsWmsS1MasterGiveMissServSetV12\AtsWmsS1MasterGiveMissServSetV12.isproj", "{5CE97A1F-CD28-46D3-92B2-CF933FAFDD2B}"
	ProjectSection(ProjectDependencies) = postProject
		{314596AE-AA6C-43FB-A03D-8B572748078F} = {314596AE-AA6C-43FB-A03D-8B572748078F}
	EndProjectSection
EndProject
Project("{6141683F-8A12-4E36-9623-2EB02B2C2303}") = "AtsWmsS1MasterGiveMissServSetV13", "AtsWmsS1MasterGiveMissServSetV13\AtsWmsS1MasterGiveMissServSetV13.isproj", "{44A0D2CF-39D7-40D0-B546-D8B354EA75EA}"
	ProjectSection(ProjectDependencies) = postProject
		{314596AE-AA6C-43FB-A03D-8B572748078F} = {314596AE-AA6C-43FB-A03D-8B572748078F}
	EndProjectSection
EndProject
Project("{6141683F-8A12-4E36-9623-2EB02B2C2303}") = "AtsWmsS1MasterGiveMissServSetFMD", "AtsWmsS1MasterGiveMissServSetFMD\AtsWmsS1MasterGiveMissServSetFMD.isproj", "{736811C2-BFEC-48D2-9527-399534C61D51}"
	ProjectSection(ProjectDependencies) = postProject
		{314596AE-AA6C-43FB-A03D-8B572748078F} = {314596AE-AA6C-43FB-A03D-8B572748078F}
	EndProjectSection
EndProject
Global
	GlobalSection(SolutionConfigurationPlatforms) = preSolution
		CD_ROM|Any CPU = CD_ROM|Any CPU
		Debug|Any CPU = Debug|Any CPU
		DVD-5|Any CPU = DVD-5|Any CPU
		Release|Any CPU = Release|Any CPU
		SingleImage|Any CPU = SingleImage|Any CPU
	EndGlobalSection
	GlobalSection(ProjectConfigurationPlatforms) = postSolution
		{314596AE-AA6C-43FB-A03D-8B572748078F}.CD_ROM|Any CPU.ActiveCfg = Release|Any CPU
		{314596AE-AA6C-43FB-A03D-8B572748078F}.CD_ROM|Any CPU.Build.0 = Release|Any CPU
		{314596AE-AA6C-43FB-A03D-8B572748078F}.Debug|Any CPU.ActiveCfg = Debug|Any CPU
		{314596AE-AA6C-43FB-A03D-8B572748078F}.Debug|Any CPU.Build.0 = Debug|Any CPU
		{314596AE-AA6C-43FB-A03D-8B572748078F}.DVD-5|Any CPU.ActiveCfg = Debug|Any CPU
		{314596AE-AA6C-43FB-A03D-8B572748078F}.DVD-5|Any CPU.Build.0 = Debug|Any CPU
		{314596AE-AA6C-43FB-A03D-8B572748078F}.Release|Any CPU.ActiveCfg = Release|Any CPU
		{314596AE-AA6C-43FB-A03D-8B572748078F}.Release|Any CPU.Build.0 = Release|Any CPU
		{314596AE-AA6C-43FB-A03D-8B572748078F}.SingleImage|Any CPU.ActiveCfg = Release|Any CPU
		{314596AE-AA6C-43FB-A03D-8B572748078F}.SingleImage|Any CPU.Build.0 = Release|Any CPU
		{E97909B3-1269-43A1-8A6E-6608B11AC1DB}.CD_ROM|Any CPU.ActiveCfg = CD_ROM
		{E97909B3-1269-43A1-8A6E-6608B11AC1DB}.CD_ROM|Any CPU.Build.0 = CD_ROM
		{E97909B3-1269-43A1-8A6E-6608B11AC1DB}.Debug|Any CPU.ActiveCfg = DVD-5
		{E97909B3-1269-43A1-8A6E-6608B11AC1DB}.Debug|Any CPU.Build.0 = DVD-5
		{E97909B3-1269-43A1-8A6E-6608B11AC1DB}.DVD-5|Any CPU.ActiveCfg = DVD-5
		{E97909B3-1269-43A1-8A6E-6608B11AC1DB}.DVD-5|Any CPU.Build.0 = DVD-5
		{E97909B3-1269-43A1-8A6E-6608B11AC1DB}.Release|Any CPU.ActiveCfg = SingleImage
		{E97909B3-1269-43A1-8A6E-6608B11AC1DB}.Release|Any CPU.Build.0 = SingleImage
		{E97909B3-1269-43A1-8A6E-6608B11AC1DB}.SingleImage|Any CPU.ActiveCfg = SingleImage
		{E97909B3-1269-43A1-8A6E-6608B11AC1DB}.SingleImage|Any CPU.Build.0 = SingleImage
		{A1527C78-02A5-4EF5-AC7B-68766092E96F}.CD_ROM|Any CPU.ActiveCfg = CD_ROM
		{A1527C78-02A5-4EF5-AC7B-68766092E96F}.CD_ROM|Any CPU.Build.0 = CD_ROM
		{A1527C78-02A5-4EF5-AC7B-68766092E96F}.Debug|Any CPU.ActiveCfg = DVD-5
		{A1527C78-02A5-4EF5-AC7B-68766092E96F}.Debug|Any CPU.Build.0 = DVD-5
		{A1527C78-02A5-4EF5-AC7B-68766092E96F}.DVD-5|Any CPU.ActiveCfg = DVD-5
		{A1527C78-02A5-4EF5-AC7B-68766092E96F}.DVD-5|Any CPU.Build.0 = DVD-5
		{A1527C78-02A5-4EF5-AC7B-68766092E96F}.Release|Any CPU.ActiveCfg = SingleImage
		{A1527C78-02A5-4EF5-AC7B-68766092E96F}.Release|Any CPU.Build.0 = SingleImage
		{A1527C78-02A5-4EF5-AC7B-68766092E96F}.SingleImage|Any CPU.ActiveCfg = SingleImage
		{A1527C78-02A5-4EF5-AC7B-68766092E96F}.SingleImage|Any CPU.Build.0 = SingleImage
		{A28D0282-3A1B-43CE-A1BF-ECCFEE8A3831}.CD_ROM|Any CPU.ActiveCfg = CD_ROM
		{A28D0282-3A1B-43CE-A1BF-ECCFEE8A3831}.CD_ROM|Any CPU.Build.0 = CD_ROM
		{A28D0282-3A1B-43CE-A1BF-ECCFEE8A3831}.Debug|Any CPU.ActiveCfg = DVD-5
		{A28D0282-3A1B-43CE-A1BF-ECCFEE8A3831}.Debug|Any CPU.Build.0 = DVD-5
		{A28D0282-3A1B-43CE-A1BF-ECCFEE8A3831}.DVD-5|Any CPU.ActiveCfg = DVD-5
		{A28D0282-3A1B-43CE-A1BF-ECCFEE8A3831}.DVD-5|Any CPU.Build.0 = DVD-5
		{A28D0282-3A1B-43CE-A1BF-ECCFEE8A3831}.Release|Any CPU.ActiveCfg = SingleImage
		{A28D0282-3A1B-43CE-A1BF-ECCFEE8A3831}.Release|Any CPU.Build.0 = SingleImage
		{A28D0282-3A1B-43CE-A1BF-ECCFEE8A3831}.SingleImage|Any CPU.ActiveCfg = SingleImage
		{A28D0282-3A1B-43CE-A1BF-ECCFEE8A3831}.SingleImage|Any CPU.Build.0 = SingleImage
		{B8260664-FCC9-4CB2-BCA0-3F718668614A}.CD_ROM|Any CPU.ActiveCfg = CD_ROM
		{B8260664-FCC9-4CB2-BCA0-3F718668614A}.CD_ROM|Any CPU.Build.0 = CD_ROM
		{B8260664-FCC9-4CB2-BCA0-3F718668614A}.Debug|Any CPU.ActiveCfg = DVD-5
		{B8260664-FCC9-4CB2-BCA0-3F718668614A}.Debug|Any CPU.Build.0 = DVD-5
		{B8260664-FCC9-4CB2-BCA0-3F718668614A}.DVD-5|Any CPU.ActiveCfg = DVD-5
		{B8260664-FCC9-4CB2-BCA0-3F718668614A}.DVD-5|Any CPU.Build.0 = DVD-5
		{B8260664-FCC9-4CB2-BCA0-3F718668614A}.Release|Any CPU.ActiveCfg = SingleImage
		{B8260664-FCC9-4CB2-BCA0-3F718668614A}.Release|Any CPU.Build.0 = SingleImage
		{B8260664-FCC9-4CB2-BCA0-3F718668614A}.SingleImage|Any CPU.ActiveCfg = SingleImage
		{B8260664-FCC9-4CB2-BCA0-3F718668614A}.SingleImage|Any CPU.Build.0 = SingleImage
		{064B0CD9-827E-4D4D-9739-6EFCA989468A}.CD_ROM|Any CPU.ActiveCfg = CD_ROM
		{064B0CD9-827E-4D4D-9739-6EFCA989468A}.CD_ROM|Any CPU.Build.0 = CD_ROM
		{064B0CD9-827E-4D4D-9739-6EFCA989468A}.Debug|Any CPU.ActiveCfg = DVD-5
		{064B0CD9-827E-4D4D-9739-6EFCA989468A}.Debug|Any CPU.Build.0 = DVD-5
		{064B0CD9-827E-4D4D-9739-6EFCA989468A}.DVD-5|Any CPU.ActiveCfg = DVD-5
		{064B0CD9-827E-4D4D-9739-6EFCA989468A}.DVD-5|Any CPU.Build.0 = DVD-5
		{064B0CD9-827E-4D4D-9739-6EFCA989468A}.Release|Any CPU.ActiveCfg = SingleImage
		{064B0CD9-827E-4D4D-9739-6EFCA989468A}.Release|Any CPU.Build.0 = SingleImage
		{064B0CD9-827E-4D4D-9739-6EFCA989468A}.SingleImage|Any CPU.ActiveCfg = SingleImage
		{064B0CD9-827E-4D4D-9739-6EFCA989468A}.SingleImage|Any CPU.Build.0 = SingleImage
		{D02F87FA-DD99-4562-A25A-759CA4CCA5FB}.CD_ROM|Any CPU.ActiveCfg = CD_ROM
		{D02F87FA-DD99-4562-A25A-759CA4CCA5FB}.CD_ROM|Any CPU.Build.0 = CD_ROM
		{D02F87FA-DD99-4562-A25A-759CA4CCA5FB}.Debug|Any CPU.ActiveCfg = DVD-5
		{D02F87FA-DD99-4562-A25A-759CA4CCA5FB}.Debug|Any CPU.Build.0 = DVD-5
		{D02F87FA-DD99-4562-A25A-759CA4CCA5FB}.DVD-5|Any CPU.ActiveCfg = DVD-5
		{D02F87FA-DD99-4562-A25A-759CA4CCA5FB}.DVD-5|Any CPU.Build.0 = DVD-5
		{D02F87FA-DD99-4562-A25A-759CA4CCA5FB}.Release|Any CPU.ActiveCfg = SingleImage
		{D02F87FA-DD99-4562-A25A-759CA4CCA5FB}.Release|Any CPU.Build.0 = SingleImage
		{D02F87FA-DD99-4562-A25A-759CA4CCA5FB}.SingleImage|Any CPU.ActiveCfg = SingleImage
		{D02F87FA-DD99-4562-A25A-759CA4CCA5FB}.SingleImage|Any CPU.Build.0 = SingleImage
		{90D7841C-FEA0-4DFD-AB3B-31C492656321}.CD_ROM|Any CPU.ActiveCfg = CD_ROM
		{90D7841C-FEA0-4DFD-AB3B-31C492656321}.CD_ROM|Any CPU.Build.0 = CD_ROM
		{90D7841C-FEA0-4DFD-AB3B-31C492656321}.Debug|Any CPU.ActiveCfg = DVD-5
		{90D7841C-FEA0-4DFD-AB3B-31C492656321}.Debug|Any CPU.Build.0 = DVD-5
		{90D7841C-FEA0-4DFD-AB3B-31C492656321}.DVD-5|Any CPU.ActiveCfg = DVD-5
		{90D7841C-FEA0-4DFD-AB3B-31C492656321}.DVD-5|Any CPU.Build.0 = DVD-5
		{90D7841C-FEA0-4DFD-AB3B-31C492656321}.Release|Any CPU.ActiveCfg = SingleImage
		{90D7841C-FEA0-4DFD-AB3B-31C492656321}.Release|Any CPU.Build.0 = SingleImage
		{90D7841C-FEA0-4DFD-AB3B-31C492656321}.SingleImage|Any CPU.ActiveCfg = SingleImage
		{90D7841C-FEA0-4DFD-AB3B-31C492656321}.SingleImage|Any CPU.Build.0 = SingleImage
		{3570C3E1-59E1-4DC5-BE8C-040BE42AD1A2}.CD_ROM|Any CPU.ActiveCfg = CD_ROM
		{3570C3E1-59E1-4DC5-BE8C-040BE42AD1A2}.CD_ROM|Any CPU.Build.0 = CD_ROM
		{3570C3E1-59E1-4DC5-BE8C-040BE42AD1A2}.Debug|Any CPU.ActiveCfg = DVD-5
		{3570C3E1-59E1-4DC5-BE8C-040BE42AD1A2}.Debug|Any CPU.Build.0 = DVD-5
		{3570C3E1-59E1-4DC5-BE8C-040BE42AD1A2}.DVD-5|Any CPU.ActiveCfg = DVD-5
		{3570C3E1-59E1-4DC5-BE8C-040BE42AD1A2}.DVD-5|Any CPU.Build.0 = DVD-5
		{3570C3E1-59E1-4DC5-BE8C-040BE42AD1A2}.Release|Any CPU.ActiveCfg = SingleImage
		{3570C3E1-59E1-4DC5-BE8C-040BE42AD1A2}.Release|Any CPU.Build.0 = SingleImage
		{3570C3E1-59E1-4DC5-BE8C-040BE42AD1A2}.SingleImage|Any CPU.ActiveCfg = SingleImage
		{3570C3E1-59E1-4DC5-BE8C-040BE42AD1A2}.SingleImage|Any CPU.Build.0 = SingleImage
		{EE7556B5-DEC0-492B-BD2E-0243D367057A}.CD_ROM|Any CPU.ActiveCfg = CD_ROM
		{EE7556B5-DEC0-492B-BD2E-0243D367057A}.CD_ROM|Any CPU.Build.0 = CD_ROM
		{EE7556B5-DEC0-492B-BD2E-0243D367057A}.Debug|Any CPU.ActiveCfg = DVD-5
		{EE7556B5-DEC0-492B-BD2E-0243D367057A}.Debug|Any CPU.Build.0 = DVD-5
		{EE7556B5-DEC0-492B-BD2E-0243D367057A}.DVD-5|Any CPU.ActiveCfg = DVD-5
		{EE7556B5-DEC0-492B-BD2E-0243D367057A}.DVD-5|Any CPU.Build.0 = DVD-5
		{EE7556B5-DEC0-492B-BD2E-0243D367057A}.Release|Any CPU.ActiveCfg = SingleImage
		{EE7556B5-DEC0-492B-BD2E-0243D367057A}.Release|Any CPU.Build.0 = SingleImage
		{EE7556B5-DEC0-492B-BD2E-0243D367057A}.SingleImage|Any CPU.ActiveCfg = SingleImage
		{EE7556B5-DEC0-492B-BD2E-0243D367057A}.SingleImage|Any CPU.Build.0 = SingleImage
		{B28E2582-E1BC-4044-93B9-C4FE039A512C}.CD_ROM|Any CPU.ActiveCfg = CD_ROM
		{B28E2582-E1BC-4044-93B9-C4FE039A512C}.CD_ROM|Any CPU.Build.0 = CD_ROM
		{B28E2582-E1BC-4044-93B9-C4FE039A512C}.Debug|Any CPU.ActiveCfg = DVD-5
		{B28E2582-E1BC-4044-93B9-C4FE039A512C}.Debug|Any CPU.Build.0 = DVD-5
		{B28E2582-E1BC-4044-93B9-C4FE039A512C}.DVD-5|Any CPU.ActiveCfg = DVD-5
		{B28E2582-E1BC-4044-93B9-C4FE039A512C}.DVD-5|Any CPU.Build.0 = DVD-5
		{B28E2582-E1BC-4044-93B9-C4FE039A512C}.Release|Any CPU.ActiveCfg = SingleImage
		{B28E2582-E1BC-4044-93B9-C4FE039A512C}.Release|Any CPU.Build.0 = SingleImage
		{B28E2582-E1BC-4044-93B9-C4FE039A512C}.SingleImage|Any CPU.ActiveCfg = SingleImage
		{B28E2582-E1BC-4044-93B9-C4FE039A512C}.SingleImage|Any CPU.Build.0 = SingleImage
		{3C620B7F-C1A1-4274-9345-CB1F3F22F27A}.CD_ROM|Any CPU.ActiveCfg = CD_ROM
		{3C620B7F-C1A1-4274-9345-CB1F3F22F27A}.CD_ROM|Any CPU.Build.0 = CD_ROM
		{3C620B7F-C1A1-4274-9345-CB1F3F22F27A}.Debug|Any CPU.ActiveCfg = DVD-5
		{3C620B7F-C1A1-4274-9345-CB1F3F22F27A}.Debug|Any CPU.Build.0 = DVD-5
		{3C620B7F-C1A1-4274-9345-CB1F3F22F27A}.DVD-5|Any CPU.ActiveCfg = DVD-5
		{3C620B7F-C1A1-4274-9345-CB1F3F22F27A}.DVD-5|Any CPU.Build.0 = DVD-5
		{3C620B7F-C1A1-4274-9345-CB1F3F22F27A}.Release|Any CPU.ActiveCfg = SingleImage
		{3C620B7F-C1A1-4274-9345-CB1F3F22F27A}.Release|Any CPU.Build.0 = SingleImage
		{3C620B7F-C1A1-4274-9345-CB1F3F22F27A}.SingleImage|Any CPU.ActiveCfg = SingleImage
		{3C620B7F-C1A1-4274-9345-CB1F3F22F27A}.SingleImage|Any CPU.Build.0 = SingleImage
		{545EE883-D88F-466F-AF4F-2176360ACE04}.CD_ROM|Any CPU.ActiveCfg = CD_ROM
		{545EE883-D88F-466F-AF4F-2176360ACE04}.CD_ROM|Any CPU.Build.0 = CD_ROM
		{545EE883-D88F-466F-AF4F-2176360ACE04}.Debug|Any CPU.ActiveCfg = DVD-5
		{545EE883-D88F-466F-AF4F-2176360ACE04}.Debug|Any CPU.Build.0 = DVD-5
		{545EE883-D88F-466F-AF4F-2176360ACE04}.DVD-5|Any CPU.ActiveCfg = DVD-5
		{545EE883-D88F-466F-AF4F-2176360ACE04}.DVD-5|Any CPU.Build.0 = DVD-5
		{545EE883-D88F-466F-AF4F-2176360ACE04}.Release|Any CPU.ActiveCfg = SingleImage
		{545EE883-D88F-466F-AF4F-2176360ACE04}.Release|Any CPU.Build.0 = SingleImage
		{545EE883-D88F-466F-AF4F-2176360ACE04}.SingleImage|Any CPU.ActiveCfg = SingleImage
		{545EE883-D88F-466F-AF4F-2176360ACE04}.SingleImage|Any CPU.Build.0 = SingleImage
		{E03D8F28-B137-4721-A731-1D9992964F11}.CD_ROM|Any CPU.ActiveCfg = CD_ROM
		{E03D8F28-B137-4721-A731-1D9992964F11}.CD_ROM|Any CPU.Build.0 = CD_ROM
		{E03D8F28-B137-4721-A731-1D9992964F11}.Debug|Any CPU.ActiveCfg = DVD-5
		{E03D8F28-B137-4721-A731-1D9992964F11}.Debug|Any CPU.Build.0 = DVD-5
		{E03D8F28-B137-4721-A731-1D9992964F11}.DVD-5|Any CPU.ActiveCfg = DVD-5
		{E03D8F28-B137-4721-A731-1D9992964F11}.DVD-5|Any CPU.Build.0 = DVD-5
		{E03D8F28-B137-4721-A731-1D9992964F11}.Release|Any CPU.ActiveCfg = SingleImage
		{E03D8F28-B137-4721-A731-1D9992964F11}.Release|Any CPU.Build.0 = SingleImage
		{E03D8F28-B137-4721-A731-1D9992964F11}.SingleImage|Any CPU.ActiveCfg = SingleImage
		{E03D8F28-B137-4721-A731-1D9992964F11}.SingleImage|Any CPU.Build.0 = SingleImage
		{5CE97A1F-CD28-46D3-92B2-CF933FAFDD2B}.CD_ROM|Any CPU.ActiveCfg = CD_ROM
		{5CE97A1F-CD28-46D3-92B2-CF933FAFDD2B}.CD_ROM|Any CPU.Build.0 = CD_ROM
		{5CE97A1F-CD28-46D3-92B2-CF933FAFDD2B}.Debug|Any CPU.ActiveCfg = DVD-5
		{5CE97A1F-CD28-46D3-92B2-CF933FAFDD2B}.Debug|Any CPU.Build.0 = DVD-5
		{5CE97A1F-CD28-46D3-92B2-CF933FAFDD2B}.DVD-5|Any CPU.ActiveCfg = DVD-5
		{5CE97A1F-CD28-46D3-92B2-CF933FAFDD2B}.DVD-5|Any CPU.Build.0 = DVD-5
		{5CE97A1F-CD28-46D3-92B2-CF933FAFDD2B}.Release|Any CPU.ActiveCfg = SingleImage
		{5CE97A1F-CD28-46D3-92B2-CF933FAFDD2B}.Release|Any CPU.Build.0 = SingleImage
		{5CE97A1F-CD28-46D3-92B2-CF933FAFDD2B}.SingleImage|Any CPU.ActiveCfg = SingleImage
		{5CE97A1F-CD28-46D3-92B2-CF933FAFDD2B}.SingleImage|Any CPU.Build.0 = SingleImage
		{44A0D2CF-39D7-40D0-B546-D8B354EA75EA}.CD_ROM|Any CPU.ActiveCfg = CD_ROM
		{44A0D2CF-39D7-40D0-B546-D8B354EA75EA}.CD_ROM|Any CPU.Build.0 = CD_ROM
		{44A0D2CF-39D7-40D0-B546-D8B354EA75EA}.Debug|Any CPU.ActiveCfg = DVD-5
		{44A0D2CF-39D7-40D0-B546-D8B354EA75EA}.Debug|Any CPU.Build.0 = DVD-5
		{44A0D2CF-39D7-40D0-B546-D8B354EA75EA}.DVD-5|Any CPU.ActiveCfg = DVD-5
		{44A0D2CF-39D7-40D0-B546-D8B354EA75EA}.DVD-5|Any CPU.Build.0 = DVD-5
		{44A0D2CF-39D7-40D0-B546-D8B354EA75EA}.Release|Any CPU.ActiveCfg = SingleImage
		{44A0D2CF-39D7-40D0-B546-D8B354EA75EA}.Release|Any CPU.Build.0 = SingleImage
		{44A0D2CF-39D7-40D0-B546-D8B354EA75EA}.SingleImage|Any CPU.ActiveCfg = SingleImage
		{44A0D2CF-39D7-40D0-B546-D8B354EA75EA}.SingleImage|Any CPU.Build.0 = SingleImage
		{736811C2-BFEC-48D2-9527-399534C61D51}.CD_ROM|Any CPU.ActiveCfg = CD_ROM
		{736811C2-BFEC-48D2-9527-399534C61D51}.CD_ROM|Any CPU.Build.0 = CD_ROM
		{736811C2-BFEC-48D2-9527-399534C61D51}.Debug|Any CPU.ActiveCfg = DVD-5
		{736811C2-BFEC-48D2-9527-399534C61D51}.Debug|Any CPU.Build.0 = DVD-5
		{736811C2-BFEC-48D2-9527-399534C61D51}.DVD-5|Any CPU.ActiveCfg = DVD-5
		{736811C2-BFEC-48D2-9527-399534C61D51}.DVD-5|Any CPU.Build.0 = DVD-5
		{736811C2-BFEC-48D2-9527-399534C61D51}.Release|Any CPU.ActiveCfg = SingleImage
		{736811C2-BFEC-48D2-9527-399534C61D51}.Release|Any CPU.Build.0 = SingleImage
		{736811C2-BFEC-48D2-9527-399534C61D51}.SingleImage|Any CPU.ActiveCfg = SingleImage
		{736811C2-BFEC-48D2-9527-399534C61D51}.SingleImage|Any CPU.Build.0 = SingleImage
	EndGlobalSection
	GlobalSection(SolutionProperties) = preSolution
		HideSolutionNode = FALSE
	EndGlobalSection
EndGlobal
